
Microsoft Visual Studio Solution File, Format Version 12.00
# Visual Studio Version 17
VisualStudioVersion = 17.6.33829.357
MinimumVisualStudioVersion = 10.0.40219.1
Project("{2150E333-8FDC-42A3-9474-1A3956D46DE8}") = "Core", "Core", "{44F2B7E2-127C-4507-ACCB-2CB590D20574}"
EndProject
Project("{2150E333-8FDC-42A3-9474-1A3956D46DE8}") = "Infrastructure", "Infrastructure", "{1E83EE0D-B406-474D-8249-F0095A49F928}"
EndProject
Project("{2150E333-8FDC-42A3-9474-1A3956D46DE8}") = "Presentation", "Presentation", "{3059A1F6-3277-40E4-8658-4368DC5D3758}"
EndProject
Project("{9A19103F-16F7-4668-BE54-9A1E7A4F7556}") = "Productify.MVC", "Presentation\Productify.MVC\Productify.MVC.csproj", "{DC4D13EF-FB70-4304-B800-460690CDC5EF}"
EndProject
Project("{FAE04EC0-301F-11D3-BF4B-00C04F79EFBC}") = "Productify.Domain", "Core\Productify.Domain\Productify.Domain.csproj", "{2FB06807-F45B-4312-9A66-62D21F06C4DE}"
EndProject
Project("{FAE04EC0-301F-11D3-BF4B-00C04F79EFBC}") = "Productify.Persistence", "Infrastructure\Persistence\Productify.Persistence.csproj", "{8805B1C4-9258-4F19-9B4A-D0B5D0F2971C}"
EndProject
Global
	GlobalSection(SolutionConfigurationPlatforms) = preSolution
		Debug|Any CPU = Debug|Any CPU
		Release|Any CPU = Release|Any CPU
	EndGlobalSection
	GlobalSection(ProjectConfigurationPlatforms) = postSolution
		{DC4D13EF-FB70-4304-B800-460690CDC5EF}.Debug|Any CPU.ActiveCfg = Debug|Any CPU
		{DC4D13EF-FB70-4304-B800-460690CDC5EF}.Debug|Any CPU.Build.0 = Debug|Any CPU
		{DC4D13EF-FB70-4304-B800-460690CDC5EF}.Release|Any CPU.ActiveCfg = Release|Any CPU
		{DC4D13EF-FB70-4304-B800-460690CDC5EF}.Release|Any CPU.Build.0 = Release|Any CPU
		{2FB06807-F45B-4312-9A66-62D21F06C4DE}.Debug|Any CPU.ActiveCfg = Debug|Any CPU
		{2FB06807-F45B-4312-9A66-62D21F06C4DE}.Debug|Any CPU.Build.0 = Debug|Any CPU
		{2FB06807-F45B-4312-9A66-62D21F06C4DE}.Release|Any CPU.ActiveCfg = Release|Any CPU
		{2FB06807-F45B-4312-9A66-62D21F06C4DE}.Release|Any CPU.Build.0 = Release|Any CPU
		{8805B1C4-9258-4F19-9B4A-D0B5D0F2971C}.Debug|Any CPU.ActiveCfg = Debug|Any CPU
		{8805B1C4-9258-4F19-9B4A-D0B5D0F2971C}.Debug|Any CPU.Build.0 = Debug|Any CPU
		{8805B1C4-9258-4F19-9B4A-D0B5D0F2971C}.Release|Any CPU.ActiveCfg = Release|Any CPU
		{8805B1C4-9258-4F19-9B4A-D0B5D0F2971C}.Release|Any CPU.Build.0 = Release|Any CPU
	EndGlobalSection
	GlobalSection(SolutionProperties) = preSolution
		HideSolutionNode = FALSE
	EndGlobalSection
	GlobalSection(NestedProjects) = preSolution
		{DC4D13EF-FB70-4304-B800-460690CDC5EF} = {3059A1F6-3277-40E4-8658-4368DC5D3758}
		{2FB06807-F45B-4312-9A66-62D21F06C4DE} = {44F2B7E2-127C-4507-ACCB-2CB590D20574}
		{8805B1C4-9258-4F19-9B4A-D0B5D0F2971C} = {1E83EE0D-B406-474D-8249-F0095A49F928}
	EndGlobalSection
	GlobalSection(ExtensibilityGlobals) = postSolution
		SolutionGuid = {6BEFCD72-EFC1-49CA-9755-924D158ACC9E}
	EndGlobalSection
EndGlobal
